// !$*UTF8*$!
{
	archiveVersion = 1;
	classes = {
	};
	objectVersion = 51;
	objects = {

/* Begin PBXBuildFile section */
		11049E0D27C511550006CD16 /* WeakDateCell.swift in Sources */ = {isa = PBXBuildFile; fileRef = 11049E0C27C511550006CD16 /* WeakDateCell.swift */; };
		11049E0F27C5662D0006CD16 /* TaskCell.swift in Sources */ = {isa = PBXBuildFile; fileRef = 11049E0E27C5662D0006CD16 /* TaskCell.swift */; };
		110D171627C8C6F500C4239C /* TaskModel.swift in Sources */ = {isa = PBXBuildFile; fileRef = 110D171527C8C6F500C4239C /* TaskModel.swift */; };
		110D171827C926E400C4239C /* Login.swift in Sources */ = {isa = PBXBuildFile; fileRef = 110D171727C926E400C4239C /* Login.swift */; };
		110D171A27C9627F00C4239C /* addNewTask.swift in Sources */ = {isa = PBXBuildFile; fileRef = 110D171927C9627F00C4239C /* addNewTask.swift */; };
		114E6DB327E827FA00209A8A /* GoogleService-Info.plist in Resources */ = {isa = PBXBuildFile; fileRef = 114E6DB227E827FA00209A8A /* GoogleService-Info.plist */; };
		114E6DB627E8291700209A8A /* TaskDB.swift in Sources */ = {isa = PBXBuildFile; fileRef = 114E6DB527E8291700209A8A /* TaskDB.swift */; };
		1193DBBB27D1E7CD00CCD5EA /* RegisterVC.swift in Sources */ = {isa = PBXBuildFile; fileRef = 1193DBBA27D1E7CD00CCD5EA /* RegisterVC.swift */; };
		1193DBBF27D2BC5400CCD5EA /* DB.swift in Sources */ = {isa = PBXBuildFile; fileRef = 1193DBBE27D2BC5400CCD5EA /* DB.swift */; };
		1193DBC927D5B11100CCD5EA /* SM.swift in Sources */ = {isa = PBXBuildFile; fileRef = 1193DBC827D5B11100CCD5EA /* SM.swift */; };
		11CD0CD527C26976003176A1 /* AppDelegate.swift in Sources */ = {isa = PBXBuildFile; fileRef = 11CD0CD427C26976003176A1 /* AppDelegate.swift */; };
		11CD0CD727C26976003176A1 /* SceneDelegate.swift in Sources */ = {isa = PBXBuildFile; fileRef = 11CD0CD627C26976003176A1 /* SceneDelegate.swift */; };
		11CD0CD927C26976003176A1 /* ViewController.swift in Sources */ = {isa = PBXBuildFile; fileRef = 11CD0CD827C26976003176A1 /* ViewController.swift */; };
		11CD0CDE27C269AC003176A1 /* Assets.xcassets in Resources */ = {isa = PBXBuildFile; fileRef = 11CD0CDD27C269AC003176A1 /* Assets.xcassets */; };
		11CD0CE127C269AC003176A1 /* LaunchScreen.storyboard in Resources */ = {isa = PBXBuildFile; fileRef = 11CD0CDF27C269AC003176A1 /* LaunchScreen.storyboard */; };
		11CD0CE927C26F4C003176A1 /* extension.swift in Sources */ = {isa = PBXBuildFile; fileRef = 11CD0CE827C26F4C003176A1 /* extension.swift */; };
		11CD0CEB27C29B62003176A1 /* takViewModel.swift in Sources */ = {isa = PBXBuildFile; fileRef = 11CD0CEA27C29B62003176A1 /* takViewModel.swift */; };
		11CE00F027F0010900E5E0DA /* VM-ValidateLogIn.swift in Sources */ = {isa = PBXBuildFile; fileRef = 11CE00EF27F0010800E5E0DA /* VM-ValidateLogIn.swift */; };
		11CE011627F0283900E5E0DA /* VM-ProfileIMG.swift in Sources */ = {isa = PBXBuildFile; fileRef = 11CE011527F0283900E5E0DA /* VM-ProfileIMG.swift */; };
		11CE011827F028EC00E5E0DA /* VM-TaskDelegate.swift in Sources */ = {isa = PBXBuildFile; fileRef = 11CE011727F028EC00E5E0DA /* VM-TaskDelegate.swift */; };
		11CE011A27F0299000E5E0DA /* VM-TaskDatafunc.swift in Sources */ = {isa = PBXBuildFile; fileRef = 11CE011927F0299000E5E0DA /* VM-TaskDatafunc.swift */; };
		11EFC08F280D2472003B2A1D /* Validate.swift in Sources */ = {isa = PBXBuildFile; fileRef = 11EFC08E280D2472003B2A1D /* Validate.swift */; };
		A41681FC8435D958ADA1985D /* Pods_Task_app.framework in Frameworks */ = {isa = PBXBuildFile; fileRef = 7A3FD9861A258AF431758F81 /* Pods_Task_app.framework */; };
/* End PBXBuildFile section */

/* Begin PBXFileReference section */
		11049E0C27C511550006CD16 /* WeakDateCell.swift */ = {isa = PBXFileReference; lastKnownFileType = sourcecode.swift; path = WeakDateCell.swift; sourceTree = "<group>"; };
		11049E0E27C5662D0006CD16 /* TaskCell.swift */ = {isa = PBXFileReference; lastKnownFileType = sourcecode.swift; path = TaskCell.swift; sourceTree = "<group>"; };
		110D171527C8C6F500C4239C /* TaskModel.swift */ = {isa = PBXFileReference; lastKnownFileType = sourcecode.swift; path = TaskModel.swift; sourceTree = "<group>"; };
		110D171727C926E400C4239C /* Login.swift */ = {isa = PBXFileReference; lastKnownFileType = sourcecode.swift; path = Login.swift; sourceTree = "<group>"; };
		110D171927C9627F00C4239C /* addNewTask.swift */ = {isa = PBXFileReference; lastKnownFileType = sourcecode.swift; path = addNewTask.swift; sourceTree = "<group>"; };
		114E6DB227E827FA00209A8A /* GoogleService-Info.plist */ = {isa = PBXFileReference; fileEncoding = 4; lastKnownFileType = text.plist.xml; path = "GoogleService-Info.plist"; sourceTree = "<group>"; };
		114E6DB527E8291700209A8A /* TaskDB.swift */ = {isa = PBXFileReference; lastKnownFileType = sourcecode.swift; path = TaskDB.swift; sourceTree = "<group>"; };
		1193DBBA27D1E7CD00CCD5EA /* RegisterVC.swift */ = {isa = PBXFileReference; lastKnownFileType = sourcecode.swift; path = RegisterVC.swift; sourceTree = "<group>"; };
		1193DBBE27D2BC5400CCD5EA /* DB.swift */ = {isa = PBXFileReference; lastKnownFileType = sourcecode.swift; path = DB.swift; sourceTree = "<group>"; };
		1193DBC827D5B11100CCD5EA /* SM.swift */ = {isa = PBXFileReference; lastKnownFileType = sourcecode.swift; path = SM.swift; sourceTree = "<group>"; };
		11CD0CD127C26976003176A1 /* Task app.app */ = {isa = PBXFileReference; explicitFileType = wrapper.application; includeInIndex = 0; path = "Task app.app"; sourceTree = BUILT_PRODUCTS_DIR; };
		11CD0CD427C26976003176A1 /* AppDelegate.swift */ = {isa = PBXFileReference; lastKnownFileType = sourcecode.swift; path = AppDelegate.swift; sourceTree = "<group>"; };
		11CD0CD627C26976003176A1 /* SceneDelegate.swift */ = {isa = PBXFileReference; lastKnownFileType = sourcecode.swift; path = SceneDelegate.swift; sourceTree = "<group>"; };
		11CD0CD827C26976003176A1 /* ViewController.swift */ = {isa = PBXFileReference; lastKnownFileType = sourcecode.swift; path = ViewController.swift; sourceTree = "<group>"; };
		11CD0CDD27C269AC003176A1 /* Assets.xcassets */ = {isa = PBXFileReference; lastKnownFileType = folder.assetcatalog; path = Assets.xcassets; sourceTree = "<group>"; };
		11CD0CE027C269AC003176A1 /* Base */ = {isa = PBXFileReference; lastKnownFileType = file.storyboard; name = Base; path = Base.lproj/LaunchScreen.storyboard; sourceTree = "<group>"; };
		11CD0CE227C269AC003176A1 /* Info.plist */ = {isa = PBXFileReference; lastKnownFileType = text.plist.xml; name = Info.plist; path = ../Info.plist; sourceTree = "<group>"; };
		11CD0CE827C26F4C003176A1 /* extension.swift */ = {isa = PBXFileReference; lastKnownFileType = sourcecode.swift; path = extension.swift; sourceTree = "<group>"; };
		11CD0CEA27C29B62003176A1 /* takViewModel.swift */ = {isa = PBXFileReference; lastKnownFileType = sourcecode.swift; path = takViewModel.swift; sourceTree = "<group>"; };
		11CE00EF27F0010800E5E0DA /* VM-ValidateLogIn.swift */ = {isa = PBXFileReference; lastKnownFileType = sourcecode.swift; path = "VM-ValidateLogIn.swift"; sourceTree = "<group>"; };
		11CE011527F0283900E5E0DA /* VM-ProfileIMG.swift */ = {isa = PBXFileReference; lastKnownFileType = sourcecode.swift; path = "VM-ProfileIMG.swift"; sourceTree = "<group>"; };
		11CE011727F028EC00E5E0DA /* VM-TaskDelegate.swift */ = {isa = PBXFileReference; lastKnownFileType = sourcecode.swift; path = "VM-TaskDelegate.swift"; sourceTree = "<group>"; };
		11CE011927F0299000E5E0DA /* VM-TaskDatafunc.swift */ = {isa = PBXFileReference; lastKnownFileType = sourcecode.swift; path = "VM-TaskDatafunc.swift"; sourceTree = "<group>"; };
		11EFC08E280D2472003B2A1D /* Validate.swift */ = {isa = PBXFileReference; lastKnownFileType = sourcecode.swift; path = Validate.swift; sourceTree = "<group>"; };
		1646E95406EED0AF3BAE2A37 /* Pods-Task app.debug.xcconfig */ = {isa = PBXFileReference; includeInIndex = 1; lastKnownFileType = text.xcconfig; name = "Pods-Task app.debug.xcconfig"; path = "Target Support Files/Pods-Task app/Pods-Task app.debug.xcconfig"; sourceTree = "<group>"; };
		7A3FD9861A258AF431758F81 /* Pods_Task_app.framework */ = {isa = PBXFileReference; explicitFileType = wrapper.framework; includeInIndex = 0; path = Pods_Task_app.framework; sourceTree = BUILT_PRODUCTS_DIR; };
		C80B48CC3C8AE3305873FC72 /* Pods-Task app.release.xcconfig */ = {isa = PBXFileReference; includeInIndex = 1; lastKnownFileType = text.xcconfig; name = "Pods-Task app.release.xcconfig"; path = "Target Support Files/Pods-Task app/Pods-Task app.release.xcconfig"; sourceTree = "<group>"; };
/* End PBXFileReference section */

/* Begin PBXFrameworksBuildPhase section */
		11CD0CCE27C26976003176A1 /* Frameworks */ = {
			isa = PBXFrameworksBuildPhase;
			buildActionMask = 2147483647;
			files = (
				A41681FC8435D958ADA1985D /* Pods_Task_app.framework in Frameworks */,
			);
			runOnlyForDeploymentPostprocessing = 0;
		};
/* End PBXFrameworksBuildPhase section */

/* Begin PBXGroup section */
		110D171B27CB78D500C4239C /* View */ = {
			isa = PBXGroup;
			children = (
				1193DBB927D1E76C00CCD5EA /* LogReg */,
				11CD0CD827C26976003176A1 /* ViewController.swift */,
				11049E0C27C511550006CD16 /* WeakDateCell.swift */,
				11049E0E27C5662D0006CD16 /* TaskCell.swift */,
				110D171927C9627F00C4239C /* addNewTask.swift */,
				11EFC08E280D2472003B2A1D /* Validate.swift */,
			);
			path = View;
			sourceTree = "<group>";
		};
		110D171C27CB78F600C4239C /* Model */ = {
			isa = PBXGroup;
			children = (
				110D171527C8C6F500C4239C /* TaskModel.swift */,
				1193DBBE27D2BC5400CCD5EA /* DB.swift */,
				114E6DB527E8291700209A8A /* TaskDB.swift */,
				1193DBC827D5B11100CCD5EA /* SM.swift */,
			);
			path = Model;
			sourceTree = "<group>";
		};
		110D171D27CB791600C4239C /* Other */ = {
			isa = PBXGroup;
			children = (
				11CD0CE827C26F4C003176A1 /* extension.swift */,
				11CD0CD427C26976003176A1 /* AppDelegate.swift */,
				11CD0CD627C26976003176A1 /* SceneDelegate.swift */,
				11CD0CDD27C269AC003176A1 /* Assets.xcassets */,
				11CD0CDF27C269AC003176A1 /* LaunchScreen.storyboard */,
			);
			path = Other;
			sourceTree = "<group>";
		};
		110D171E27CB793D00C4239C /* ViewModel */ = {
			isa = PBXGroup;
			children = (
				11CD0CEA27C29B62003176A1 /* takViewModel.swift */,
				11CE00EF27F0010800E5E0DA /* VM-ValidateLogIn.swift */,
				11CE011527F0283900E5E0DA /* VM-ProfileIMG.swift */,
				11CE011727F028EC00E5E0DA /* VM-TaskDelegate.swift */,
				11CE011927F0299000E5E0DA /* VM-TaskDatafunc.swift */,
			);
			path = ViewModel;
			sourceTree = "<group>";
		};
		1193DBB927D1E76C00CCD5EA /* LogReg */ = {
			isa = PBXGroup;
			children = (
				110D171727C926E400C4239C /* Login.swift */,
				1193DBBA27D1E7CD00CCD5EA /* RegisterVC.swift */,
			);
			path = LogReg;
			sourceTree = "<group>";
		};
		11CD0CC827C26975003176A1 = {
			isa = PBXGroup;
			children = (
				11CD0CD327C26976003176A1 /* Task app */,
				11CD0CD227C26976003176A1 /* Products */,
				98AE0E2B96FFECE48F06386A /* Pods */,
				50475875470A17AE9862D375 /* Frameworks */,
			);
			sourceTree = "<group>";
		};
		11CD0CD227C26976003176A1 /* Products */ = {
			isa = PBXGroup;
			children = (
				11CD0CD127C26976003176A1 /* Task app.app */,
			);
			name = Products;
			sourceTree = "<group>";
		};
		11CD0CD327C26976003176A1 /* Task app */ = {
			isa = PBXGroup;
			children = (
				11CD0CE227C269AC003176A1 /* Info.plist */,
				114E6DB227E827FA00209A8A /* GoogleService-Info.plist */,
				110D171D27CB791600C4239C /* Other */,
				110D171B27CB78D500C4239C /* View */,
				110D171E27CB793D00C4239C /* ViewModel */,
				110D171C27CB78F600C4239C /* Model */,
			);
			path = "Task app";
			sourceTree = "<group>";
		};
		50475875470A17AE9862D375 /* Frameworks */ = {
			isa = PBXGroup;
			children = (
				7A3FD9861A258AF431758F81 /* Pods_Task_app.framework */,
			);
			name = Frameworks;
			sourceTree = "<group>";
		};
		98AE0E2B96FFECE48F06386A /* Pods */ = {
			isa = PBXGroup;
			children = (
				1646E95406EED0AF3BAE2A37 /* Pods-Task app.debug.xcconfig */,
				C80B48CC3C8AE3305873FC72 /* Pods-Task app.release.xcconfig */,
			);
			path = Pods;
			sourceTree = "<group>";
		};
/* End PBXGroup section */

/* Begin PBXNativeTarget section */
		11CD0CD027C26976003176A1 /* Task app */ = {
			isa = PBXNativeTarget;
			buildConfigurationList = 11CD0CE527C269AC003176A1 /* Build configuration list for PBXNativeTarget "Task app" */;
			buildPhases = (
				AD80034D015B6862A283A993 /* [CP] Check Pods Manifest.lock */,
				11CD0CCD27C26976003176A1 /* Sources */,
				11CD0CCE27C26976003176A1 /* Frameworks */,
				11CD0CCF27C26976003176A1 /* Resources */,
				EBD109DAE86C252EE3AC6D7F /* [CP] Embed Pods Frameworks */,
			);
			buildRules = (
			);
			dependencies = (
			);
			name = "Task app";
			productName = "Task app";
			productReference = 11CD0CD127C26976003176A1 /* Task app.app */;
			productType = "com.apple.product-type.application";
		};
/* End PBXNativeTarget section */

/* Begin PBXProject section */
		11CD0CC927C26975003176A1 /* Project object */ = {
			isa = PBXProject;
			attributes = {
				LastSwiftUpdateCheck = 1120;
				LastUpgradeCheck = 1120;
				ORGANIZATIONNAME = R;
				TargetAttributes = {
					11CD0CD027C26976003176A1 = {
						CreatedOnToolsVersion = 11.2.1;
					};
				};
			};
			buildConfigurationList = 11CD0CCC27C26975003176A1 /* Build configuration list for PBXProject "Task app" */;
			compatibilityVersion = "Xcode 9.3";
			developmentRegion = en;
			hasScannedForEncodings = 0;
			knownRegions = (
				en,
				Base,
			);
			mainGroup = 11CD0CC827C26975003176A1;
			productRefGroup = 11CD0CD227C26976003176A1 /* Products */;
			projectDirPath = "";
			projectRoot = "";
			targets = (
				11CD0CD027C26976003176A1 /* Task app */,
			);
		};
/* End PBXProject section */

/* Begin PBXResourcesBuildPhase section */
		11CD0CCF27C26976003176A1 /* Resources */ = {
			isa = PBXResourcesBuildPhase;
			buildActionMask = 2147483647;
			files = (
				11CD0CE127C269AC003176A1 /* LaunchScreen.storyboard in Resources */,
				11CD0CDE27C269AC003176A1 /* Assets.xcassets in Resources */,
				114E6DB327E827FA00209A8A /* GoogleService-Info.plist in Resources */,
			);
			runOnlyForDeploymentPostprocessing = 0;
		};
/* End PBXResourcesBuildPhase section */

/* Begin PBXShellScriptBuildPhase section */
		AD80034D015B6862A283A993 /* [CP] Check Pods Manifest.lock */ = {
			isa = PBXShellScriptBuildPhase;
			buildActionMask = 2147483647;
			files = (
			);
			inputFileListPaths = (
			);
			inputPaths = (
				"${PODS_PODFILE_DIR_PATH}/Podfile.lock",
				"${PODS_ROOT}/Manifest.lock",
			);
			name = "[CP] Check Pods Manifest.lock";
			outputFileListPaths = (
			);
			outputPaths = (
				"$(DERIVED_FILE_DIR)/Pods-Task app-checkManifestLockResult.txt",
			);
			runOnlyForDeploymentPostprocessing = 0;
			shellPath = /bin/sh;
			shellScript = "diff \"${PODS_PODFILE_DIR_PATH}/Podfile.lock\" \"${PODS_ROOT}/Manifest.lock\" > /dev/null\nif [ $? != 0 ] ; then\n    # print error to STDERR\n    echo \"error: The sandbox is not in sync with the Podfile.lock. Run 'pod install' or update your CocoaPods installation.\" >&2\n    exit 1\nfi\n# This output is used by Xcode 'outputs' to avoid re-running this script phase.\necho \"SUCCESS\" > \"${SCRIPT_OUTPUT_FILE_0}\"\n";
			showEnvVarsInLog = 0;
		};
		EBD109DAE86C252EE3AC6D7F /* [CP] Embed Pods Frameworks */ = {
			isa = PBXShellScriptBuildPhase;
			buildActionMask = 2147483647;
			files = (
			);
			inputFileListPaths = (
				"${PODS_ROOT}/Target Support Files/Pods-Task app/Pods-Task app-frameworks-${CONFIGURATION}-input-files.xcfilelist",
			);
			name = "[CP] Embed Pods Frameworks";
			outputFileListPaths = (
				"${PODS_ROOT}/Target Support Files/Pods-Task app/Pods-Task app-frameworks-${CONFIGURATION}-output-files.xcfilelist",
			);
			runOnlyForDeploymentPostprocessing = 0;
			shellPath = /bin/sh;
			shellScript = "\"${PODS_ROOT}/Target Support Files/Pods-Task app/Pods-Task app-frameworks.sh\"\n";
			showEnvVarsInLog = 0;
		};
/* End PBXShellScriptBuildPhase section */

/* Begin PBXSourcesBuildPhase section */
		11CD0CCD27C26976003176A1 /* Sources */ = {
			isa = PBXSourcesBuildPhase;
			buildActionMask = 2147483647;
			files = (
				11CD0CD927C26976003176A1 /* ViewController.swift in Sources */,
				110D171827C926E400C4239C /* Login.swift in Sources */,
				11049E0F27C5662D0006CD16 /* TaskCell.swift in Sources */,
				110D171627C8C6F500C4239C /* TaskModel.swift in Sources */,
				11CE011827F028EC00E5E0DA /* VM-TaskDelegate.swift in Sources */,
				11CE00F027F0010900E5E0DA /* VM-ValidateLogIn.swift in Sources */,
				11EFC08F280D2472003B2A1D /* Validate.swift in Sources */,
				1193DBC927D5B11100CCD5EA /* SM.swift in Sources */,
				1193DBBB27D1E7CD00CCD5EA /* RegisterVC.swift in Sources */,
				114E6DB627E8291700209A8A /* TaskDB.swift in Sources */,
				1193DBBF27D2BC5400CCD5EA /* DB.swift in Sources */,
				11CE011627F0283900E5E0DA /* VM-ProfileIMG.swift in Sources */,
				11CD0CEB27C29B62003176A1 /* takViewModel.swift in Sources */,
				11CD0CD527C26976003176A1 /* AppDelegate.swift in Sources */,
				11CD0CD727C26976003176A1 /* SceneDelegate.swift in Sources */,
				11CD0CE927C26F4C003176A1 /* extension.swift in Sources */,
				110D171A27C9627F00C4239C /* addNewTask.swift in Sources */,
				11CE011A27F0299000E5E0DA /* VM-TaskDatafunc.swift in Sources */,
				11049E0D27C511550006CD16 /* WeakDateCell.swift in Sources */,
			);
			runOnlyForDeploymentPostprocessing = 0;
		};
/* End PBXSourcesBuildPhase section */

/* Begin PBXVariantGroup section */
		11CD0CDF27C269AC003176A1 /* LaunchScreen.storyboard */ = {
			isa = PBXVariantGroup;
			children = (
				11CD0CE027C269AC003176A1 /* Base */,
			);
			name = LaunchScreen.storyboard;
			sourceTree = "<group>";
		};
/* End PBXVariantGroup section */

/* Begin XCBuildConfiguration section */
		11CD0CE327C269AC003176A1 /* Debug */ = {
			isa = XCBuildConfiguration;
			buildSettings = {
				ALWAYS_SEARCH_USER_PATHS = NO;
				CLANG_ANALYZER_NONNULL = YES;
				CLANG_ANALYZER_NUMBER_OBJECT_CONVERSION = YES_AGGRESSIVE;
				CLANG_CXX_LANGUAGE_STANDARD = "gnu++14";
				CLANG_CXX_LIBRARY = "libc++";
				CLANG_ENABLE_MODULES = YES;
				CLANG_ENABLE_OBJC_ARC = YES;
				CLANG_ENABLE_OBJC_WEAK = YES;
				CLANG_WARN_BLOCK_CAPTURE_AUTORELEASING = YES;
				CLANG_WARN_BOOL_CONVERSION = YES;
				CLANG_WARN_COMMA = YES;
				CLANG_WARN_CONSTANT_CONVERSION = YES;
				CLANG_WARN_DEPRECATED_OBJC_IMPLEMENTATIONS = YES;
				CLANG_WARN_DIRECT_OBJC_ISA_USAGE = YES_ERROR;
				CLANG_WARN_DOCUMENTATION_COMMENTS = YES;
				CLANG_WARN_EMPTY_BODY = YES;
				CLANG_WARN_ENUM_CONVERSION = YES;
				CLANG_WARN_INFINITE_RECURSION = YES;
				CLANG_WARN_INT_CONVERSION = YES;
				CLANG_WARN_NON_LITERAL_NULL_CONVERSION = YES;
				CLANG_WARN_OBJC_IMPLICIT_RETAIN_SELF = YES;
				CLANG_WARN_OBJC_LITERAL_CONVERSION = YES;
				CLANG_WARN_OBJC_ROOT_CLASS = YES_ERROR;
				CLANG_WARN_RANGE_LOOP_ANALYSIS = YES;
				CLANG_WARN_STRICT_PROTOTYPES = YES;
				CLANG_WARN_SUSPICIOUS_MOVE = YES;
				CLANG_WARN_UNGUARDED_AVAILABILITY = YES_AGGRESSIVE;
				CLANG_WARN_UNREACHABLE_CODE = YES;
				CLANG_WARN__DUPLICATE_METHOD_MATCH = YES;
				COPY_PHASE_STRIP = NO;
				DEBUG_INFORMATION_FORMAT = dwarf;
				ENABLE_STRICT_OBJC_MSGSEND = YES;
				ENABLE_TESTABILITY = YES;
				GCC_C_LANGUAGE_STANDARD = gnu11;
				GCC_DYNAMIC_NO_PIC = NO;
				GCC_NO_COMMON_BLOCKS = YES;
				GCC_OPTIMIZATION_LEVEL = 0;
				GCC_PREPROCESSOR_DEFINITIONS = (
					"DEBUG=1",
					"$(inherited)",
				);
				GCC_WARN_64_TO_32_BIT_CONVERSION = YES;
				GCC_WARN_ABOUT_RETURN_TYPE = YES_ERROR;
				GCC_WARN_UNDECLARED_SELECTOR = YES;
				GCC_WARN_UNINITIALIZED_AUTOS = YES_AGGRESSIVE;
				GCC_WARN_UNUSED_FUNCTION = YES;
				GCC_WARN_UNUSED_VARIABLE = YES;
				IPHONEOS_DEPLOYMENT_TARGET = 13.2;
				MTL_ENABLE_DEBUG_INFO = INCLUDE_SOURCE;
				MTL_FAST_MATH = YES;
				ONLY_ACTIVE_ARCH = YES;
				SDKROOT = iphoneos;
				SWIFT_ACTIVE_COMPILATION_CONDITIONS = DEBUG;
				SWIFT_OPTIMIZATION_LEVEL = "-Onone";
			};
			name = Debug;
		};
		11CD0CE427C269AC003176A1 /* Release */ = {
			isa = XCBuildConfiguration;
			buildSettings = {
				ALWAYS_SEARCH_USER_PATHS = NO;
				CLANG_ANALYZER_NONNULL = YES;
				CLANG_ANALYZER_NUMBER_OBJECT_CONVERSION = YES_AGGRESSIVE;
				CLANG_CXX_LANGUAGE_STANDARD = "gnu++14";
				CLANG_CXX_LIBRARY = "libc++";
				CLANG_ENABLE_MODULES = YES;
				CLANG_ENABLE_OBJC_ARC = YES;
				CLANG_ENABLE_OBJC_WEAK = YES;
				CLANG_WARN_BLOCK_CAPTURE_AUTORELEASING = YES;
				CLANG_WARN_BOOL_CONVERSION = YES;
				CLANG_WARN_COMMA = YES;
				CLANG_WARN_CONSTANT_CONVERSION = YES;
				CLANG_WARN_DEPRECATED_OBJC_IMPLEMENTATIONS = YES;
				CLANG_WARN_DIRECT_OBJC_ISA_USAGE = YES_ERROR;
				CLANG_WARN_DOCUMENTATION_COMMENTS = YES;
				CLANG_WARN_EMPTY_BODY = YES;
				CLANG_WARN_ENUM_CONVERSION = YES;
				CLANG_WARN_INFINITE_RECURSION = YES;
				CLANG_WARN_INT_CONVERSION = YES;
				CLANG_WARN_NON_LITERAL_NULL_CONVERSION = YES;
				CLANG_WARN_OBJC_IMPLICIT_RETAIN_SELF = YES;
				CLANG_WARN_OBJC_LITERAL_CONVERSION = YES;
				CLANG_WARN_OBJC_ROOT_CLASS = YES_ERROR;
				CLANG_WARN_RANGE_LOOP_ANALYSIS = YES;
				CLANG_WARN_STRICT_PROTOTYPES = YES;
				CLANG_WARN_SUSPICIOUS_MOVE = YES;
				CLANG_WARN_UNGUARDED_AVAILABILITY = YES_AGGRESSIVE;
				CLANG_WARN_UNREACHABLE_CODE = YES;
				CLANG_WARN__DUPLICATE_METHOD_MATCH = YES;
				COPY_PHASE_STRIP = NO;
				DEBUG_INFORMATION_FORMAT = "dwarf-with-dsym";
				ENABLE_NS_ASSERTIONS = NO;
				ENABLE_STRICT_OBJC_MSGSEND = YES;
				GCC_C_LANGUAGE_STANDARD = gnu11;
				GCC_NO_COMMON_BLOCKS = YES;
				GCC_WARN_64_TO_32_BIT_CONVERSION = YES;
				GCC_WARN_ABOUT_RETURN_TYPE = YES_ERROR;
				GCC_WARN_UNDECLARED_SELECTOR = YES;
				GCC_WARN_UNINITIALIZED_AUTOS = YES_AGGRESSIVE;
				GCC_WARN_UNUSED_FUNCTION = YES;
				GCC_WARN_UNUSED_VARIABLE = YES;
				IPHONEOS_DEPLOYMENT_TARGET = 13.2;
				MTL_ENABLE_DEBUG_INFO = NO;
				MTL_FAST_MATH = YES;
				SDKROOT = iphoneos;
				SWIFT_COMPILATION_MODE = wholemodule;
				SWIFT_OPTIMIZATION_LEVEL = "-O";
				VALIDATE_PRODUCT = YES;
			};
			name = Release;
		};
		11CD0CE627C269AC003176A1 /* Debug */ = {
			isa = XCBuildConfiguration;
			baseConfigurationReference = 1646E95406EED0AF3BAE2A37 /* Pods-Task app.debug.xcconfig */;
			buildSettings = {
				ASSETCATALOG_COMPILER_APPICON_NAME = AppIcon;
				CODE_SIGN_STYLE = Automatic;
				INFOPLIST_FILE = "Task app/Info.plist";
				LD_RUNPATH_SEARCH_PATHS = (
					"$(inherited)",
					"@executable_path/Frameworks",
				);
				PRODUCT_BUNDLE_IDENTIFIER = "r.Task-app";
				PRODUCT_NAME = "$(TARGET_NAME)";
				SWIFT_VERSION = 5.0;
				TARGETED_DEVICE_FAMILY = "1,2";
			};
			name = Debug;
		};
		11CD0CE727C269AC003176A1 /* Release */ = {
			isa = XCBuildConfiguration;
			baseConfigurationReference = C80B48CC3C8AE3305873FC72 /* Pods-Task app.release.xcconfig */;
			buildSettings = {
				ASSETCATALOG_COMPILER_APPICON_NAME = AppIcon;
				CODE_SIGN_STYLE = Automatic;
				INFOPLIST_FILE = "Task app/Info.plist";
				LD_RUNPATH_SEARCH_PATHS = (
					"$(inherited)",
					"@executable_path/Frameworks",
				);
				PRODUCT_BUNDLE_IDENTIFIER = "r.Task-app";
				PRODUCT_NAME = "$(TARGET_NAME)";
				SWIFT_VERSION = 5.0;
				TARGETED_DEVICE_FAMILY = "1,2";
			};
			name = Release;
		};
/* End XCBuildConfiguration section */

/* Begin XCConfigurationList section */
		11CD0CCC27C26975003176A1 /* Build configuration list for PBXProject "Task app" */ = {
			isa = XCConfigurationList;
			buildConfigurations = (
				11CD0CE327C269AC003176A1 /* Debug */,
				11CD0CE427C269AC003176A1 /* Release */,
			);
			defaultConfigurationIsVisible = 0;
			defaultConfigurationName = Release;
		};
		11CD0CE527C269AC003176A1 /* Build configuration list for PBXNativeTarget "Task app" */ = {
			isa = XCConfigurationList;
			buildConfigurations = (
				11CD0CE627C269AC003176A1 /* Debug */,
				11CD0CE727C269AC003176A1 /* Release */,
			);
			defaultConfigurationIsVisible = 0;
			defaultConfigurationName = Release;
		};
/* End XCConfigurationList section */
	};
	rootObject = 11CD0CC927C26975003176A1 /* Project object */;
}
